
Microsoft Visual Studio Solution File, Format Version 12.00
# Visual Studio Version 17
VisualStudioVersion = 17.5.33424.131
MinimumVisualStudioVersion = 10.0.40219.1
Project("{FAE04EC0-301F-11D3-BF4B-00C04F79EFBC}") = "JwtWebApiDotnet7", "JwtWebApiDotnet7\JwtWebApiDotnet7.csproj", "{B2A771CB-AB76-4FC3-A64E-3E291315EF95}"
EndProject
Global
	GlobalSection(SolutionConfigurationPlatforms) = preSolution
		Debug|Any CPU = Debug|Any CPU
		Release|Any CPU = Release|Any CPU
	EndGlobalSection
	GlobalSection(ProjectConfigurationPlatforms) = postSolution
		{B2A771CB-AB76-4FC3-A64E-3E291315EF95}.Debug|Any CPU.ActiveCfg = Debug|Any CPU
		{B2A771CB-AB76-4FC3-A64E-3E291315EF95}.Debug|Any CPU.Build.0 = Debug|Any CPU
		{B2A771CB-AB76-4FC3-A64E-3E291315EF95}.Release|Any CPU.ActiveCfg = Release|Any CPU
		{B2A771CB-AB76-4FC3-A64E-3E291315EF95}.Release|Any CPU.Build.0 = Release|Any CPU
	EndGlobalSection
	GlobalSection(SolutionProperties) = preSolution
		HideSolutionNode = FALSE
	EndGlobalSection
	GlobalSection(ExtensibilityGlobals) = postSolution
		SolutionGuid = {1A3B0BDA-02B5-4922-B49B-436902648716}
	EndGlobalSection
EndGlobal
